PODS:
  - Alamofire (5.4.3)
  - AlamofireNetworkActivityLogger (3.4.0):
    - Alamofire (~> 5.4.0)
  - Cosmos (23.0.0)
  - DropDown (2.3.13)
  - RappleProgressHUD (4.1)
  - Reachability (3.2)

DEPENDENCIES:
  - Alamofire (~> 5.2)
  - AlamofireNetworkActivityLogger
  - Cosmos (~> 23.0)
  - DropDown
  - RappleProgressHUD
  - Reachability

SPEC REPOS:
  trunk:
    - Alamofire
    - AlamofireNetworkActivityLogger
    - Cosmos
    - DropDown
    - RappleProgressHUD
    - Reachability

SPEC CHECKSUMS:
  Alamofire: e447a2774a40c996748296fa2c55112fdbbc42f9
  AlamofireNetworkActivityLogger: 162ab8aee00e6267a4304d7cc134e13ccfe3bcc5
  Cosmos: b5c6a9a637e28a061b54c8f8b1d8529d7d4db73f
  DropDown: 8a2116376c1981888557f72ec2ffc9a5e0e456ec
  RappleProgressHUD: f29bc5dc5f9834c2caa9c2ae21ba11f3ff2b5a85
  Reachability: 33e18b67625424e47b6cde6d202dce689ad7af96

PODFILE CHECKSUM: 111f99388d9cca6c9b60cb62bdc072b45f98efd2

COCOAPODS: 1.10.1
