// !$*UTF8*$!
{
	archiveVersion = 1;
	classes = {
	};
	objectVersion = 51;
	objects = {

/* Begin PBXBuildFile section */
		4C2ECF09269CEA27003F192F /* NetworkOperations.swift in Sources */ = {isa = PBXBuildFile; fileRef = 4C2ECF08269CEA27003F192F /* NetworkOperations.swift */; };
		4C2ECF10269CEB8B003F192F /* UIImageLoader.swift in Sources */ = {isa = PBXBuildFile; fileRef = 4C2ECF0A269CEB8B003F192F /* UIImageLoader.swift */; };
		4C2ECF11269CEB8B003F192F /* UIImageViewExt.swift in Sources */ = {isa = PBXBuildFile; fileRef = 4C2ECF0B269CEB8B003F192F /* UIImageViewExt.swift */; };
		4C2ECF12269CEB8B003F192F /* Utilities.swift in Sources */ = {isa = PBXBuildFile; fileRef = 4C2ECF0C269CEB8B003F192F /* Utilities.swift */; };
		4C2ECF13269CEB8B003F192F /* ImageLoader.swift in Sources */ = {isa = PBXBuildFile; fileRef = 4C2ECF0D269CEB8B003F192F /* ImageLoader.swift */; };
		4C2ECF14269CEB8B003F192F /* UIViewControllerExt.swift in Sources */ = {isa = PBXBuildFile; fileRef = 4C2ECF0E269CEB8B003F192F /* UIViewControllerExt.swift */; };
		4C2ECF15269CEB8B003F192F /* AlertDisplayer.swift in Sources */ = {isa = PBXBuildFile; fileRef = 4C2ECF0F269CEB8B003F192F /* AlertDisplayer.swift */; };
		4C2ECF19269CEC40003F192F /* ApiKeys.plist in Resources */ = {isa = PBXBuildFile; fileRef = 4C2ECF18269CEC3F003F192F /* ApiKeys.plist */; };
		4C2ECF1B269CF1CA003F192F /* BusinessesRes.swift in Sources */ = {isa = PBXBuildFile; fileRef = 4C2ECF1A269CF1CA003F192F /* BusinessesRes.swift */; };
		4C2ECF1E269CFB66003F192F /* Box.swift in Sources */ = {isa = PBXBuildFile; fileRef = 4C2ECF1D269CFB66003F192F /* Box.swift */; };
		4C2ECF20269D0362003F192F /* BusinessTableViewCell.swift in Sources */ = {isa = PBXBuildFile; fileRef = 4C2ECF1F269D0362003F192F /* BusinessTableViewCell.swift */; };
		4C6D358B269C474D006ABBBB /* AppDelegate.swift in Sources */ = {isa = PBXBuildFile; fileRef = 4C6D358A269C474D006ABBBB /* AppDelegate.swift */; };
		4C6D358D269C474D006ABBBB /* SceneDelegate.swift in Sources */ = {isa = PBXBuildFile; fileRef = 4C6D358C269C474D006ABBBB /* SceneDelegate.swift */; };
		4C6D358F269C474D006ABBBB /* BusinessesViewController.swift in Sources */ = {isa = PBXBuildFile; fileRef = 4C6D358E269C474D006ABBBB /* BusinessesViewController.swift */; };
		4C6D3592269C474D006ABBBB /* Main.storyboard in Resources */ = {isa = PBXBuildFile; fileRef = 4C6D3590269C474D006ABBBB /* Main.storyboard */; };
		4C6D3594269C474E006ABBBB /* Assets.xcassets in Resources */ = {isa = PBXBuildFile; fileRef = 4C6D3593269C474E006ABBBB /* Assets.xcassets */; };
		4C6D3597269C474E006ABBBB /* LaunchScreen.storyboard in Resources */ = {isa = PBXBuildFile; fileRef = 4C6D3595269C474E006ABBBB /* LaunchScreen.storyboard */; };
		4C6D35A2269C474E006ABBBB /* codepath_week_twoTests.swift in Sources */ = {isa = PBXBuildFile; fileRef = 4C6D35A1269C474E006ABBBB /* codepath_week_twoTests.swift */; };
		4C6D35AD269C474E006ABBBB /* codepath_week_twoUITests.swift in Sources */ = {isa = PBXBuildFile; fileRef = 4C6D35AC269C474E006ABBBB /* codepath_week_twoUITests.swift */; };
		4FA96158DB15540777DFD24E /* Pods_codepath_week_two_codepath_week_twoUITests.framework in Frameworks */ = {isa = PBXBuildFile; fileRef = 68761E233AF21EF20303F354 /* Pods_codepath_week_two_codepath_week_twoUITests.framework */; };
		628686AC14399E2CEE44D71E /* Pods_codepath_week_twoTests.framework in Frameworks */ = {isa = PBXBuildFile; fileRef = D50F23E191D8AB9A7D9F85FA /* Pods_codepath_week_twoTests.framework */; };
		C4C361188450C8C595623296 /* Pods_codepath_week_two.framework in Frameworks */ = {isa = PBXBuildFile; fileRef = E225D96651488E554BFE8497 /* Pods_codepath_week_two.framework */; };
/* End PBXBuildFile section */

/* Begin PBXContainerItemProxy section */
		4C6D359E269C474E006ABBBB /* PBXContainerItemProxy */ = {
			isa = PBXContainerItemProxy;
			containerPortal = 4C6D357F269C474D006ABBBB /* Project object */;
			proxyType = 1;
			remoteGlobalIDString = 4C6D3586269C474D006ABBBB;
			remoteInfo = codepath.week.two;
		};
		4C6D35A9269C474E006ABBBB /* PBXContainerItemProxy */ = {
			isa = PBXContainerItemProxy;
			containerPortal = 4C6D357F269C474D006ABBBB /* Project object */;
			proxyType = 1;
			remoteGlobalIDString = 4C6D3586269C474D006ABBBB;
			remoteInfo = codepath.week.two;
		};
/* End PBXContainerItemProxy section */

/* Begin PBXFileReference section */
		24644DCD7A7629B43FD5BBFD /* Pods-codepath.week.twoTests.debug.xcconfig */ = {isa = PBXFileReference; includeInIndex = 1; lastKnownFileType = text.xcconfig; name = "Pods-codepath.week.twoTests.debug.xcconfig"; path = "Target Support Files/Pods-codepath.week.twoTests/Pods-codepath.week.twoTests.debug.xcconfig"; sourceTree = "<group>"; };
		418D547A0FBA7FAE85FE09CA /* Pods-codepath.week.two.debug.xcconfig */ = {isa = PBXFileReference; includeInIndex = 1; lastKnownFileType = text.xcconfig; name = "Pods-codepath.week.two.debug.xcconfig"; path = "Target Support Files/Pods-codepath.week.two/Pods-codepath.week.two.debug.xcconfig"; sourceTree = "<group>"; };
		4C2ECF08269CEA27003F192F /* NetworkOperations.swift */ = {isa = PBXFileReference; lastKnownFileType = sourcecode.swift; path = NetworkOperations.swift; sourceTree = "<group>"; };
		4C2ECF0A269CEB8B003F192F /* UIImageLoader.swift */ = {isa = PBXFileReference; fileEncoding = 4; lastKnownFileType = sourcecode.swift; path = UIImageLoader.swift; sourceTree = "<group>"; };
		4C2ECF0B269CEB8B003F192F /* UIImageViewExt.swift */ = {isa = PBXFileReference; fileEncoding = 4; lastKnownFileType = sourcecode.swift; path = UIImageViewExt.swift; sourceTree = "<group>"; };
		4C2ECF0C269CEB8B003F192F /* Utilities.swift */ = {isa = PBXFileReference; fileEncoding = 4; lastKnownFileType = sourcecode.swift; path = Utilities.swift; sourceTree = "<group>"; };
		4C2ECF0D269CEB8B003F192F /* ImageLoader.swift */ = {isa = PBXFileReference; fileEncoding = 4; lastKnownFileType = sourcecode.swift; path = ImageLoader.swift; sourceTree = "<group>"; };
		4C2ECF0E269CEB8B003F192F /* UIViewControllerExt.swift */ = {isa = PBXFileReference; fileEncoding = 4; lastKnownFileType = sourcecode.swift; path = UIViewControllerExt.swift; sourceTree = "<group>"; };
		4C2ECF0F269CEB8B003F192F /* AlertDisplayer.swift */ = {isa = PBXFileReference; fileEncoding = 4; lastKnownFileType = sourcecode.swift; path = AlertDisplayer.swift; sourceTree = "<group>"; };
		4C2ECF18269CEC3F003F192F /* ApiKeys.plist */ = {isa = PBXFileReference; fileEncoding = 4; lastKnownFileType = text.plist.xml; name = ApiKeys.plist; path = ../../codepath.week.one/codepath.week.one/ApiKeys.plist; sourceTree = "<group>"; };
		4C2ECF1A269CF1CA003F192F /* BusinessesRes.swift */ = {isa = PBXFileReference; lastKnownFileType = sourcecode.swift; path = BusinessesRes.swift; sourceTree = "<group>"; };
		4C2ECF1D269CFB66003F192F /* Box.swift */ = {isa = PBXFileReference; lastKnownFileType = sourcecode.swift; path = Box.swift; sourceTree = "<group>"; };
		4C2ECF1F269D0362003F192F /* BusinessTableViewCell.swift */ = {isa = PBXFileReference; lastKnownFileType = sourcecode.swift; path = BusinessTableViewCell.swift; sourceTree = "<group>"; };
		4C6D3587269C474D006ABBBB /* codepath.week.two.app */ = {isa = PBXFileReference; explicitFileType = wrapper.application; includeInIndex = 0; path = codepath.week.two.app; sourceTree = BUILT_PRODUCTS_DIR; };
		4C6D358A269C474D006ABBBB /* AppDelegate.swift */ = {isa = PBXFileReference; lastKnownFileType = sourcecode.swift; path = AppDelegate.swift; sourceTree = "<group>"; };
		4C6D358C269C474D006ABBBB /* SceneDelegate.swift */ = {isa = PBXFileReference; lastKnownFileType = sourcecode.swift; path = SceneDelegate.swift; sourceTree = "<group>"; };
		4C6D358E269C474D006ABBBB /* BusinessesViewController.swift */ = {isa = PBXFileReference; lastKnownFileType = sourcecode.swift; path = BusinessesViewController.swift; sourceTree = "<group>"; };
		4C6D3591269C474D006ABBBB /* Base */ = {isa = PBXFileReference; lastKnownFileType = file.storyboard; name = Base; path = Base.lproj/Main.storyboard; sourceTree = "<group>"; };
		4C6D3593269C474E006ABBBB /* Assets.xcassets */ = {isa = PBXFileReference; lastKnownFileType = folder.assetcatalog; path = Assets.xcassets; sourceTree = "<group>"; };
		4C6D3596269C474E006ABBBB /* Base */ = {isa = PBXFileReference; lastKnownFileType = file.storyboard; name = Base; path = Base.lproj/LaunchScreen.storyboard; sourceTree = "<group>"; };
		4C6D3598269C474E006ABBBB /* Info.plist */ = {isa = PBXFileReference; lastKnownFileType = text.plist.xml; path = Info.plist; sourceTree = "<group>"; };
		4C6D359D269C474E006ABBBB /* codepath.week.twoTests.xctest */ = {isa = PBXFileReference; explicitFileType = wrapper.cfbundle; includeInIndex = 0; path = codepath.week.twoTests.xctest; sourceTree = BUILT_PRODUCTS_DIR; };
		4C6D35A1269C474E006ABBBB /* codepath_week_twoTests.swift */ = {isa = PBXFileReference; lastKnownFileType = sourcecode.swift; path = codepath_week_twoTests.swift; sourceTree = "<group>"; };
		4C6D35A3269C474E006ABBBB /* Info.plist */ = {isa = PBXFileReference; lastKnownFileType = text.plist.xml; path = Info.plist; sourceTree = "<group>"; };
		4C6D35A8269C474E006ABBBB /* codepath.week.twoUITests.xctest */ = {isa = PBXFileReference; explicitFileType = wrapper.cfbundle; includeInIndex = 0; path = codepath.week.twoUITests.xctest; sourceTree = BUILT_PRODUCTS_DIR; };
		4C6D35AC269C474E006ABBBB /* codepath_week_twoUITests.swift */ = {isa = PBXFileReference; lastKnownFileType = sourcecode.swift; path = codepath_week_twoUITests.swift; sourceTree = "<group>"; };
		4C6D35AE269C474E006ABBBB /* Info.plist */ = {isa = PBXFileReference; lastKnownFileType = text.plist.xml; path = Info.plist; sourceTree = "<group>"; };
		61CA44BF52696C9A529AF8AA /* Pods-codepath.week.two-codepath.week.twoUITests.release.xcconfig */ = {isa = PBXFileReference; includeInIndex = 1; lastKnownFileType = text.xcconfig; name = "Pods-codepath.week.two-codepath.week.twoUITests.release.xcconfig"; path = "Target Support Files/Pods-codepath.week.two-codepath.week.twoUITests/Pods-codepath.week.two-codepath.week.twoUITests.release.xcconfig"; sourceTree = "<group>"; };
		68761E233AF21EF20303F354 /* Pods_codepath_week_two_codepath_week_twoUITests.framework */ = {isa = PBXFileReference; explicitFileType = wrapper.framework; includeInIndex = 0; path = Pods_codepath_week_two_codepath_week_twoUITests.framework; sourceTree = BUILT_PRODUCTS_DIR; };
		A0D7CA6D5F8649A40F01AE73 /* Pods-codepath.week.twoTests.release.xcconfig */ = {isa = PBXFileReference; includeInIndex = 1; lastKnownFileType = text.xcconfig; name = "Pods-codepath.week.twoTests.release.xcconfig"; path = "Target Support Files/Pods-codepath.week.twoTests/Pods-codepath.week.twoTests.release.xcconfig"; sourceTree = "<group>"; };
		D50F23E191D8AB9A7D9F85FA /* Pods_codepath_week_twoTests.framework */ = {isa = PBXFileReference; explicitFileType = wrapper.framework; includeInIndex = 0; path = Pods_codepath_week_twoTests.framework; sourceTree = BUILT_PRODUCTS_DIR; };
		E225D96651488E554BFE8497 /* Pods_codepath_week_two.framework */ = {isa = PBXFileReference; explicitFileType = wrapper.framework; includeInIndex = 0; path = Pods_codepath_week_two.framework; sourceTree = BUILT_PRODUCTS_DIR; };
		E2DDE798DC691CED72A7EA62 /* Pods-codepath.week.two.release.xcconfig */ = {isa = PBXFileReference; includeInIndex = 1; lastKnownFileType = text.xcconfig; name = "Pods-codepath.week.two.release.xcconfig"; path = "Target Support Files/Pods-codepath.week.two/Pods-codepath.week.two.release.xcconfig"; sourceTree = "<group>"; };
		F8F150AF13874A1F901FF078 /* Pods-codepath.week.two-codepath.week.twoUITests.debug.xcconfig */ = {isa = PBXFileReference; includeInIndex = 1; lastKnownFileType = text.xcconfig; name = "Pods-codepath.week.two-codepath.week.twoUITests.debug.xcconfig"; path = "Target Support Files/Pods-codepath.week.two-codepath.week.twoUITests/Pods-codepath.week.two-codepath.week.twoUITests.debug.xcconfig"; sourceTree = "<group>"; };
/* End PBXFileReference section */

/* Begin PBXFrameworksBuildPhase section */
		4C6D3584269C474D006ABBBB /* Frameworks */ = {
			isa = PBXFrameworksBuildPhase;
			buildActionMask = 2147483647;
			files = (
				C4C361188450C8C595623296 /* Pods_codepath_week_two.framework in Frameworks */,
			);
			runOnlyForDeploymentPostprocessing = 0;
		};
		4C6D359A269C474E006ABBBB /* Frameworks */ = {
			isa = PBXFrameworksBuildPhase;
			buildActionMask = 2147483647;
			files = (
				628686AC14399E2CEE44D71E /* Pods_codepath_week_twoTests.framework in Frameworks */,
			);
			runOnlyForDeploymentPostprocessing = 0;
		};
		4C6D35A5269C474E006ABBBB /* Frameworks */ = {
			isa = PBXFrameworksBuildPhase;
			buildActionMask = 2147483647;
			files = (
				4FA96158DB15540777DFD24E /* Pods_codepath_week_two_codepath_week_twoUITests.framework in Frameworks */,
			);
			runOnlyForDeploymentPostprocessing = 0;
		};
/* End PBXFrameworksBuildPhase section */

/* Begin PBXGroup section */
		4C2ECF02269CE9A7003F192F /* TableViewCell */ = {
			isa = PBXGroup;
			children = (
				4C2ECF1F269D0362003F192F /* BusinessTableViewCell.swift */,
			);
			path = TableViewCell;
			sourceTree = "<group>";
		};
		4C2ECF03269CE9B4003F192F /* ViewControllers */ = {
			isa = PBXGroup;
			children = (
				4C6D358E269C474D006ABBBB /* BusinessesViewController.swift */,
			);
			path = ViewControllers;
			sourceTree = "<group>";
		};
		4C2ECF04269CE9C3003F192F /* Network */ = {
			isa = PBXGroup;
			children = (
				4C2ECF08269CEA27003F192F /* NetworkOperations.swift */,
			);
			path = Network;
			sourceTree = "<group>";
		};
		4C2ECF05269CE9D1003F192F /* Utils */ = {
			isa = PBXGroup;
			children = (
				4C2ECF0F269CEB8B003F192F /* AlertDisplayer.swift */,
				4C2ECF0D269CEB8B003F192F /* ImageLoader.swift */,
				4C2ECF0A269CEB8B003F192F /* UIImageLoader.swift */,
				4C2ECF0B269CEB8B003F192F /* UIImageViewExt.swift */,
				4C2ECF0E269CEB8B003F192F /* UIViewControllerExt.swift */,
				4C2ECF0C269CEB8B003F192F /* Utilities.swift */,
				4C2ECF1D269CFB66003F192F /* Box.swift */,
			);
			path = Utils;
			sourceTree = "<group>";
		};
		4C2ECF06269CE9DD003F192F /* Model */ = {
			isa = PBXGroup;
			children = (
				4C2ECF1A269CF1CA003F192F /* BusinessesRes.swift */,
			);
			path = Model;
			sourceTree = "<group>";
		};
		4C2ECF07269CE9E9003F192F /* Resources */ = {
			isa = PBXGroup;
			children = (
				4C6D3593269C474E006ABBBB /* Assets.xcassets */,
				4C6D3590269C474D006ABBBB /* Main.storyboard */,
				4C6D3595269C474E006ABBBB /* LaunchScreen.storyboard */,
			);
			path = Resources;
			sourceTree = "<group>";
		};
		4C2ECF1C269CFB38003F192F /* ViewModel */ = {
			isa = PBXGroup;
			children = (
			);
			path = ViewModel;
			sourceTree = "<group>";
		};
		4C6D357E269C474D006ABBBB = {
			isa = PBXGroup;
			children = (
				4C6D3589269C474D006ABBBB /* codepath.week.two */,
				4C6D35A0269C474E006ABBBB /* codepath.week.twoTests */,
				4C6D35AB269C474E006ABBBB /* codepath.week.twoUITests */,
				4C6D3588269C474D006ABBBB /* Products */,
				E327935437EC1B9E108DC852 /* Pods */,
				6795D72BB5ECC99ACEB304BB /* Frameworks */,
			);
			sourceTree = "<group>";
		};
		4C6D3588269C474D006ABBBB /* Products */ = {
			isa = PBXGroup;
			children = (
				4C6D3587269C474D006ABBBB /* codepath.week.two.app */,
				4C6D359D269C474E006ABBBB /* codepath.week.twoTests.xctest */,
				4C6D35A8269C474E006ABBBB /* codepath.week.twoUITests.xctest */,
			);
			name = Products;
			sourceTree = "<group>";
		};
		4C6D3589269C474D006ABBBB /* codepath.week.two */ = {
			isa = PBXGroup;
			children = (
				4C2ECF1C269CFB38003F192F /* ViewModel */,
				4C2ECF07269CE9E9003F192F /* Resources */,
				4C2ECF06269CE9DD003F192F /* Model */,
				4C2ECF05269CE9D1003F192F /* Utils */,
				4C2ECF04269CE9C3003F192F /* Network */,
				4C2ECF03269CE9B4003F192F /* ViewControllers */,
				4C2ECF02269CE9A7003F192F /* TableViewCell */,
				4C6D358A269C474D006ABBBB /* AppDelegate.swift */,
				4C6D358C269C474D006ABBBB /* SceneDelegate.swift */,
				4C6D3598269C474E006ABBBB /* Info.plist */,
				4C2ECF18269CEC3F003F192F /* ApiKeys.plist */,
			);
			path = codepath.week.two;
			sourceTree = "<group>";
		};
		4C6D35A0269C474E006ABBBB /* codepath.week.twoTests */ = {
			isa = PBXGroup;
			children = (
				4C6D35A1269C474E006ABBBB /* codepath_week_twoTests.swift */,
				4C6D35A3269C474E006ABBBB /* Info.plist */,
			);
			path = codepath.week.twoTests;
			sourceTree = "<group>";
		};
		4C6D35AB269C474E006ABBBB /* codepath.week.twoUITests */ = {
			isa = PBXGroup;
			children = (
				4C6D35AC269C474E006ABBBB /* codepath_week_twoUITests.swift */,
				4C6D35AE269C474E006ABBBB /* Info.plist */,
			);
			path = codepath.week.twoUITests;
			sourceTree = "<group>";
		};
		6795D72BB5ECC99ACEB304BB /* Frameworks */ = {
			isa = PBXGroup;
			children = (
				E225D96651488E554BFE8497 /* Pods_codepath_week_two.framework */,
				68761E233AF21EF20303F354 /* Pods_codepath_week_two_codepath_week_twoUITests.framework */,
				D50F23E191D8AB9A7D9F85FA /* Pods_codepath_week_twoTests.framework */,
			);
			name = Frameworks;
			sourceTree = "<group>";
		};
		E327935437EC1B9E108DC852 /* Pods */ = {
			isa = PBXGroup;
			children = (
				418D547A0FBA7FAE85FE09CA /* Pods-codepath.week.two.debug.xcconfig */,
				E2DDE798DC691CED72A7EA62 /* Pods-codepath.week.two.release.xcconfig */,
				F8F150AF13874A1F901FF078 /* Pods-codepath.week.two-codepath.week.twoUITests.debug.xcconfig */,
				61CA44BF52696C9A529AF8AA /* Pods-codepath.week.two-codepath.week.twoUITests.release.xcconfig */,
				24644DCD7A7629B43FD5BBFD /* Pods-codepath.week.twoTests.debug.xcconfig */,
				A0D7CA6D5F8649A40F01AE73 /* Pods-codepath.week.twoTests.release.xcconfig */,
			);
			path = Pods;
			sourceTree = "<group>";
		};
/* End PBXGroup section */

/* Begin PBXNativeTarget section */
		4C6D3586269C474D006ABBBB /* codepath.week.two */ = {
			isa = PBXNativeTarget;
			buildConfigurationList = 4C6D35B1269C474E006ABBBB /* Build configuration list for PBXNativeTarget "codepath.week.two" */;
			buildPhases = (
				0F6B7E55C11EF268A6C583BD /* [CP] Check Pods Manifest.lock */,
				4C6D3583269C474D006ABBBB /* Sources */,
				4C6D3584269C474D006ABBBB /* Frameworks */,
				4C6D3585269C474D006ABBBB /* Resources */,
				8439033A8D428163CEB5B210 /* [CP] Embed Pods Frameworks */,
			);
			buildRules = (
			);
			dependencies = (
			);
			name = codepath.week.two;
			productName = codepath.week.two;
			productReference = 4C6D3587269C474D006ABBBB /* codepath.week.two.app */;
			productType = "com.apple.product-type.application";
		};
		4C6D359C269C474E006ABBBB /* codepath.week.twoTests */ = {
			isa = PBXNativeTarget;
			buildConfigurationList = 4C6D35B4269C474E006ABBBB /* Build configuration list for PBXNativeTarget "codepath.week.twoTests" */;
			buildPhases = (
				D6A3AB8F741F7488002F5830 /* [CP] Check Pods Manifest.lock */,
				4C6D3599269C474E006ABBBB /* Sources */,
				4C6D359A269C474E006ABBBB /* Frameworks */,
				4C6D359B269C474E006ABBBB /* Resources */,
			);
			buildRules = (
			);
			dependencies = (
				4C6D359F269C474E006ABBBB /* PBXTargetDependency */,
			);
			name = codepath.week.twoTests;
			productName = codepath.week.twoTests;
			productReference = 4C6D359D269C474E006ABBBB /* codepath.week.twoTests.xctest */;
			productType = "com.apple.product-type.bundle.unit-test";
		};
		4C6D35A7269C474E006ABBBB /* codepath.week.twoUITests */ = {
			isa = PBXNativeTarget;
			buildConfigurationList = 4C6D35B7269C474E006ABBBB /* Build configuration list for PBXNativeTarget "codepath.week.twoUITests" */;
			buildPhases = (
				8CB4BD670A26E57FF261D954 /* [CP] Check Pods Manifest.lock */,
				4C6D35A4269C474E006ABBBB /* Sources */,
				4C6D35A5269C474E006ABBBB /* Frameworks */,
				4C6D35A6269C474E006ABBBB /* Resources */,
				156B889F05B448B7E5B18455 /* [CP] Embed Pods Frameworks */,
			);
			buildRules = (
			);
			dependencies = (
				4C6D35AA269C474E006ABBBB /* PBXTargetDependency */,
			);
			name = codepath.week.twoUITests;
			productName = codepath.week.twoUITests;
			productReference = 4C6D35A8269C474E006ABBBB /* codepath.week.twoUITests.xctest */;
			productType = "com.apple.product-type.bundle.ui-testing";
		};
/* End PBXNativeTarget section */

/* Begin PBXProject section */
		4C6D357F269C474D006ABBBB /* Project object */ = {
			isa = PBXProject;
			attributes = {
				LastSwiftUpdateCheck = 1250;
				LastUpgradeCheck = 1250;
				TargetAttributes = {
					4C6D3586269C474D006ABBBB = {
						CreatedOnToolsVersion = 12.5.1;
					};
					4C6D359C269C474E006ABBBB = {
						CreatedOnToolsVersion = 12.5.1;
						TestTargetID = 4C6D3586269C474D006ABBBB;
					};
					4C6D35A7269C474E006ABBBB = {
						CreatedOnToolsVersion = 12.5.1;
						TestTargetID = 4C6D3586269C474D006ABBBB;
					};
				};
			};
			buildConfigurationList = 4C6D3582269C474D006ABBBB /* Build configuration list for PBXProject "codepath.week.two" */;
			compatibilityVersion = "Xcode 9.3";
			developmentRegion = en;
			hasScannedForEncodings = 0;
			knownRegions = (
				en,
				Base,
			);
			mainGroup = 4C6D357E269C474D006ABBBB;
			productRefGroup = 4C6D3588269C474D006ABBBB /* Products */;
			projectDirPath = "";
			projectRoot = "";
			targets = (
				4C6D3586269C474D006ABBBB /* codepath.week.two */,
				4C6D359C269C474E006ABBBB /* codepath.week.twoTests */,
				4C6D35A7269C474E006ABBBB /* codepath.week.twoUITests */,
			);
		};
/* End PBXProject section */

/* Begin PBXResourcesBuildPhase section */
		4C6D3585269C474D006ABBBB /* Resources */ = {
			isa = PBXResourcesBuildPhase;
			buildActionMask = 2147483647;
			files = (
				4C6D3597269C474E006ABBBB /* LaunchScreen.storyboard in Resources */,
				4C2ECF19269CEC40003F192F /* ApiKeys.plist in Resources */,
				4C6D3594269C474E006ABBBB /* Assets.xcassets in Resources */,
				4C6D3592269C474D006ABBBB /* Main.storyboard in Resources */,
			);
			runOnlyForDeploymentPostprocessing = 0;
		};
		4C6D359B269C474E006ABBBB /* Resources */ = {
			isa = PBXResourcesBuildPhase;
			buildActionMask = 2147483647;
			files = (
			);
			runOnlyForDeploymentPostprocessing = 0;
		};
		4C6D35A6269C474E006ABBBB /* Resources */ = {
			isa = PBXResourcesBuildPhase;
			buildActionMask = 2147483647;
			files = (
			);
			runOnlyForDeploymentPostprocessing = 0;
		};
/* End PBXResourcesBuildPhase section */

/* Begin PBXShellScriptBuildPhase section */
		0F6B7E55C11EF268A6C583BD /* [CP] Check Pods Manifest.lock */ = {
			isa = PBXShellScriptBuildPhase;
			buildActionMask = 2147483647;
			files = (
			);
			inputFileListPaths = (
			);
			inputPaths = (
				"${PODS_PODFILE_DIR_PATH}/Podfile.lock",
				"${PODS_ROOT}/Manifest.lock",
			);
			name = "[CP] Check Pods Manifest.lock";
			outputFileListPaths = (
			);
			outputPaths = (
				"$(DERIVED_FILE_DIR)/Pods-codepath.week.two-checkManifestLockResult.txt",
			);
			runOnlyForDeploymentPostprocessing = 0;
			shellPath = /bin/sh;
			shellScript = "diff \"${PODS_PODFILE_DIR_PATH}/Podfile.lock\" \"${PODS_ROOT}/Manifest.lock\" > /dev/null\nif [ $? != 0 ] ; then\n    # print error to STDERR\n    echo \"error: The sandbox is not in sync with the Podfile.lock. Run 'pod install' or update your CocoaPods installation.\" >&2\n    exit 1\nfi\n# This output is used by Xcode 'outputs' to avoid re-running this script phase.\necho \"SUCCESS\" > \"${SCRIPT_OUTPUT_FILE_0}\"\n";
			showEnvVarsInLog = 0;
		};
		156B889F05B448B7E5B18455 /* [CP] Embed Pods Frameworks */ = {
			isa = PBXShellScriptBuildPhase;
			buildActionMask = 2147483647;
			files = (
			);
			inputFileListPaths = (
				"${PODS_ROOT}/Target Support Files/Pods-codepath.week.two-codepath.week.twoUITests/Pods-codepath.week.two-codepath.week.twoUITests-frameworks-${CONFIGURATION}-input-files.xcfilelist",
			);
			name = "[CP] Embed Pods Frameworks";
			outputFileListPaths = (
				"${PODS_ROOT}/Target Support Files/Pods-codepath.week.two-codepath.week.twoUITests/Pods-codepath.week.two-codepath.week.twoUITests-frameworks-${CONFIGURATION}-output-files.xcfilelist",
			);
			runOnlyForDeploymentPostprocessing = 0;
			shellPath = /bin/sh;
			shellScript = "\"${PODS_ROOT}/Target Support Files/Pods-codepath.week.two-codepath.week.twoUITests/Pods-codepath.week.two-codepath.week.twoUITests-frameworks.sh\"\n";
			showEnvVarsInLog = 0;
		};
		8439033A8D428163CEB5B210 /* [CP] Embed Pods Frameworks */ = {
			isa = PBXShellScriptBuildPhase;
			buildActionMask = 2147483647;
			files = (
			);
			inputFileListPaths = (
				"${PODS_ROOT}/Target Support Files/Pods-codepath.week.two/Pods-codepath.week.two-frameworks-${CONFIGURATION}-input-files.xcfilelist",
			);
			name = "[CP] Embed Pods Frameworks";
			outputFileListPaths = (
				"${PODS_ROOT}/Target Support Files/Pods-codepath.week.two/Pods-codepath.week.two-frameworks-${CONFIGURATION}-output-files.xcfilelist",
			);
			runOnlyForDeploymentPostprocessing = 0;
			shellPath = /bin/sh;
			shellScript = "\"${PODS_ROOT}/Target Support Files/Pods-codepath.week.two/Pods-codepath.week.two-frameworks.sh\"\n";
			showEnvVarsInLog = 0;
		};
		8CB4BD670A26E57FF261D954 /* [CP] Check Pods Manifest.lock */ = {
			isa = PBXShellScriptBuildPhase;
			buildActionMask = 2147483647;
			files = (
			);
			inputFileListPaths = (
			);
			inputPaths = (
				"${PODS_PODFILE_DIR_PATH}/Podfile.lock",
				"${PODS_ROOT}/Manifest.lock",
			);
			name = "[CP] Check Pods Manifest.lock";
			outputFileListPaths = (
			);
			outputPaths = (
				"$(DERIVED_FILE_DIR)/Pods-codepath.week.two-codepath.week.twoUITests-checkManifestLockResult.txt",
			);
			runOnlyForDeploymentPostprocessing = 0;
			shellPath = /bin/sh;
			shellScript = "diff \"${PODS_PODFILE_DIR_PATH}/Podfile.lock\" \"${PODS_ROOT}/Manifest.lock\" > /dev/null\nif [ $? != 0 ] ; then\n    # print error to STDERR\n    echo \"error: The sandbox is not in sync with the Podfile.lock. Run 'pod install' or update your CocoaPods installation.\" >&2\n    exit 1\nfi\n# This output is used by Xcode 'outputs' to avoid re-running this script phase.\necho \"SUCCESS\" > \"${SCRIPT_OUTPUT_FILE_0}\"\n";
			showEnvVarsInLog = 0;
		};
		D6A3AB8F741F7488002F5830 /* [CP] Check Pods Manifest.lock */ = {
			isa = PBXShellScriptBuildPhase;
			buildActionMask = 2147483647;
			files = (
			);
			inputFileListPaths = (
			);
			inputPaths = (
				"${PODS_PODFILE_DIR_PATH}/Podfile.lock",
				"${PODS_ROOT}/Manifest.lock",
			);
			name = "[CP] Check Pods Manifest.lock";
			outputFileListPaths = (
			);
			outputPaths = (
				"$(DERIVED_FILE_DIR)/Pods-codepath.week.twoTests-checkManifestLockResult.txt",
			);
			runOnlyForDeploymentPostprocessing = 0;
			shellPath = /bin/sh;
			shellScript = "diff \"${PODS_PODFILE_DIR_PATH}/Podfile.lock\" \"${PODS_ROOT}/Manifest.lock\" > /dev/null\nif [ $? != 0 ] ; then\n    # print error to STDERR\n    echo \"error: The sandbox is not in sync with the Podfile.lock. Run 'pod install' or update your CocoaPods installation.\" >&2\n    exit 1\nfi\n# This output is used by Xcode 'outputs' to avoid re-running this script phase.\necho \"SUCCESS\" > \"${SCRIPT_OUTPUT_FILE_0}\"\n";
			showEnvVarsInLog = 0;
		};
/* End PBXShellScriptBuildPhase section */

/* Begin PBXSourcesBuildPhase section */
		4C6D3583269C474D006ABBBB /* Sources */ = {
			isa = PBXSourcesBuildPhase;
			buildActionMask = 2147483647;
			files = (
				4C2ECF20269D0362003F192F /* BusinessTableViewCell.swift in Sources */,
				4C2ECF09269CEA27003F192F /* NetworkOperations.swift in Sources */,
				4C6D358F269C474D006ABBBB /* BusinessesViewController.swift in Sources */,
				4C2ECF14269CEB8B003F192F /* UIViewControllerExt.swift in Sources */,
				4C2ECF12269CEB8B003F192F /* Utilities.swift in Sources */,
				4C2ECF10269CEB8B003F192F /* UIImageLoader.swift in Sources */,
				4C6D358B269C474D006ABBBB /* AppDelegate.swift in Sources */,
				4C2ECF11269CEB8B003F192F /* UIImageViewExt.swift in Sources */,
				4C2ECF1B269CF1CA003F192F /* BusinessesRes.swift in Sources */,
				4C2ECF13269CEB8B003F192F /* ImageLoader.swift in Sources */,
				4C2ECF1E269CFB66003F192F /* Box.swift in Sources */,
				4C2ECF15269CEB8B003F192F /* AlertDisplayer.swift in Sources */,
				4C6D358D269C474D006ABBBB /* SceneDelegate.swift in Sources */,
			);
			runOnlyForDeploymentPostprocessing = 0;
		};
		4C6D3599269C474E006ABBBB /* Sources */ = {
			isa = PBXSourcesBuildPhase;
			buildActionMask = 2147483647;
			files = (
				4C6D35A2269C474E006ABBBB /* codepath_week_twoTests.swift in Sources */,
			);
			runOnlyForDeploymentPostprocessing = 0;
		};
		4C6D35A4269C474E006ABBBB /* Sources */ = {
			isa = PBXSourcesBuildPhase;
			buildActionMask = 2147483647;
			files = (
				4C6D35AD269C474E006ABBBB /* codepath_week_twoUITests.swift in Sources */,
			);
			runOnlyForDeploymentPostprocessing = 0;
		};
/* End PBXSourcesBuildPhase section */

/* Begin PBXTargetDependency section */
		4C6D359F269C474E006ABBBB /* PBXTargetDependency */ = {
			isa = PBXTargetDependency;
			target = 4C6D3586269C474D006ABBBB /* codepath.week.two */;
			targetProxy = 4C6D359E269C474E006ABBBB /* PBXContainerItemProxy */;
		};
		4C6D35AA269C474E006ABBBB /* PBXTargetDependency */ = {
			isa = PBXTargetDependency;
			target = 4C6D3586269C474D006ABBBB /* codepath.week.two */;
			targetProxy = 4C6D35A9269C474E006ABBBB /* PBXContainerItemProxy */;
		};
/* End PBXTargetDependency section */

/* Begin PBXVariantGroup section */
		4C6D3590269C474D006ABBBB /* Main.storyboard */ = {
			isa = PBXVariantGroup;
			children = (
				4C6D3591269C474D006ABBBB /* Base */,
			);
			name = Main.storyboard;
			sourceTree = "<group>";
		};
		4C6D3595269C474E006ABBBB /* LaunchScreen.storyboard */ = {
			isa = PBXVariantGroup;
			children = (
				4C6D3596269C474E006ABBBB /* Base */,
			);
			name = LaunchScreen.storyboard;
			sourceTree = "<group>";
		};
/* End PBXVariantGroup section */

/* Begin XCBuildConfiguration section */
		4C6D35AF269C474E006ABBBB /* Debug */ = {
			isa = XCBuildConfiguration;
			buildSettings = {
				ALWAYS_SEARCH_USER_PATHS = NO;
				CLANG_ANALYZER_NONNULL = YES;
				CLANG_ANALYZER_NUMBER_OBJECT_CONVERSION = YES_AGGRESSIVE;
				CLANG_CXX_LANGUAGE_STANDARD = "gnu++14";
				CLANG_CXX_LIBRARY = "libc++";
				CLANG_ENABLE_MODULES = YES;
				CLANG_ENABLE_OBJC_ARC = YES;
				CLANG_ENABLE_OBJC_WEAK = YES;
				CLANG_WARN_BLOCK_CAPTURE_AUTORELEASING = YES;
				CLANG_WARN_BOOL_CONVERSION = YES;
				CLANG_WARN_COMMA = YES;
				CLANG_WARN_CONSTANT_CONVERSION = YES;
				CLANG_WARN_DEPRECATED_OBJC_IMPLEMENTATIONS = YES;
				CLANG_WARN_DIRECT_OBJC_ISA_USAGE = YES_ERROR;
				CLANG_WARN_DOCUMENTATION_COMMENTS = YES;
				CLANG_WARN_EMPTY_BODY = YES;
				CLANG_WARN_ENUM_CONVERSION = YES;
				CLANG_WARN_INFINITE_RECURSION = YES;
				CLANG_WARN_INT_CONVERSION = YES;
				CLANG_WARN_NON_LITERAL_NULL_CONVERSION = YES;
				CLANG_WARN_OBJC_IMPLICIT_RETAIN_SELF = YES;
				CLANG_WARN_OBJC_LITERAL_CONVERSION = YES;
				CLANG_WARN_OBJC_ROOT_CLASS = YES_ERROR;
				CLANG_WARN_QUOTED_INCLUDE_IN_FRAMEWORK_HEADER = YES;
				CLANG_WARN_RANGE_LOOP_ANALYSIS = YES;
				CLANG_WARN_STRICT_PROTOTYPES = YES;
				CLANG_WARN_SUSPICIOUS_MOVE = YES;
				CLANG_WARN_UNGUARDED_AVAILABILITY = YES_AGGRESSIVE;
				CLANG_WARN_UNREACHABLE_CODE = YES;
				CLANG_WARN__DUPLICATE_METHOD_MATCH = YES;
				COPY_PHASE_STRIP = NO;
				DEBUG_INFORMATION_FORMAT = dwarf;
				ENABLE_STRICT_OBJC_MSGSEND = YES;
				ENABLE_TESTABILITY = YES;
				GCC_C_LANGUAGE_STANDARD = gnu11;
				GCC_DYNAMIC_NO_PIC = NO;
				GCC_NO_COMMON_BLOCKS = YES;
				GCC_OPTIMIZATION_LEVEL = 0;
				GCC_PREPROCESSOR_DEFINITIONS = (
					"DEBUG=1",
					"$(inherited)",
				);
				GCC_WARN_64_TO_32_BIT_CONVERSION = YES;
				GCC_WARN_ABOUT_RETURN_TYPE = YES_ERROR;
				GCC_WARN_UNDECLARED_SELECTOR = YES;
				GCC_WARN_UNINITIALIZED_AUTOS = YES_AGGRESSIVE;
				GCC_WARN_UNUSED_FUNCTION = YES;
				GCC_WARN_UNUSED_VARIABLE = YES;
				IPHONEOS_DEPLOYMENT_TARGET = 14.5;
				MTL_ENABLE_DEBUG_INFO = INCLUDE_SOURCE;
				MTL_FAST_MATH = YES;
				ONLY_ACTIVE_ARCH = YES;
				SDKROOT = iphoneos;
				SWIFT_ACTIVE_COMPILATION_CONDITIONS = DEBUG;
				SWIFT_OPTIMIZATION_LEVEL = "-Onone";
			};
			name = Debug;
		};
		4C6D35B0269C474E006ABBBB /* Release */ = {
			isa = XCBuildConfiguration;
			buildSettings = {
				ALWAYS_SEARCH_USER_PATHS = NO;
				CLANG_ANALYZER_NONNULL = YES;
				CLANG_ANALYZER_NUMBER_OBJECT_CONVERSION = YES_AGGRESSIVE;
				CLANG_CXX_LANGUAGE_STANDARD = "gnu++14";
				CLANG_CXX_LIBRARY = "libc++";
				CLANG_ENABLE_MODULES = YES;
				CLANG_ENABLE_OBJC_ARC = YES;
				CLANG_ENABLE_OBJC_WEAK = YES;
				CLANG_WARN_BLOCK_CAPTURE_AUTORELEASING = YES;
				CLANG_WARN_BOOL_CONVERSION = YES;
				CLANG_WARN_COMMA = YES;
				CLANG_WARN_CONSTANT_CONVERSION = YES;
				CLANG_WARN_DEPRECATED_OBJC_IMPLEMENTATIONS = YES;
				CLANG_WARN_DIRECT_OBJC_ISA_USAGE = YES_ERROR;
				CLANG_WARN_DOCUMENTATION_COMMENTS = YES;
				CLANG_WARN_EMPTY_BODY = YES;
				CLANG_WARN_ENUM_CONVERSION = YES;
				CLANG_WARN_INFINITE_RECURSION = YES;
				CLANG_WARN_INT_CONVERSION = YES;
				CLANG_WARN_NON_LITERAL_NULL_CONVERSION = YES;
				CLANG_WARN_OBJC_IMPLICIT_RETAIN_SELF = YES;
				CLANG_WARN_OBJC_LITERAL_CONVERSION = YES;
				CLANG_WARN_OBJC_ROOT_CLASS = YES_ERROR;
				CLANG_WARN_QUOTED_INCLUDE_IN_FRAMEWORK_HEADER = YES;
				CLANG_WARN_RANGE_LOOP_ANALYSIS = YES;
				CLANG_WARN_STRICT_PROTOTYPES = YES;
				CLANG_WARN_SUSPICIOUS_MOVE = YES;
				CLANG_WARN_UNGUARDED_AVAILABILITY = YES_AGGRESSIVE;
				CLANG_WARN_UNREACHABLE_CODE = YES;
				CLANG_WARN__DUPLICATE_METHOD_MATCH = YES;
				COPY_PHASE_STRIP = NO;
				DEBUG_INFORMATION_FORMAT = "dwarf-with-dsym";
				ENABLE_NS_ASSERTIONS = NO;
				ENABLE_STRICT_OBJC_MSGSEND = YES;
				GCC_C_LANGUAGE_STANDARD = gnu11;
				GCC_NO_COMMON_BLOCKS = YES;
				GCC_WARN_64_TO_32_BIT_CONVERSION = YES;
				GCC_WARN_ABOUT_RETURN_TYPE = YES_ERROR;
				GCC_WARN_UNDECLARED_SELECTOR = YES;
				GCC_WARN_UNINITIALIZED_AUTOS = YES_AGGRESSIVE;
				GCC_WARN_UNUSED_FUNCTION = YES;
				GCC_WARN_UNUSED_VARIABLE = YES;
				IPHONEOS_DEPLOYMENT_TARGET = 14.5;
				MTL_ENABLE_DEBUG_INFO = NO;
				MTL_FAST_MATH = YES;
				SDKROOT = iphoneos;
				SWIFT_COMPILATION_MODE = wholemodule;
				SWIFT_OPTIMIZATION_LEVEL = "-O";
				VALIDATE_PRODUCT = YES;
			};
			name = Release;
		};
		4C6D35B2269C474E006ABBBB /* Debug */ = {
			isa = XCBuildConfiguration;
			baseConfigurationReference = 418D547A0FBA7FAE85FE09CA /* Pods-codepath.week.two.debug.xcconfig */;
			buildSettings = {
				ASSETCATALOG_COMPILER_APPICON_NAME = AppIcon;
				ASSETCATALOG_COMPILER_GLOBAL_ACCENT_COLOR_NAME = AccentColor;
				CODE_SIGN_STYLE = Automatic;
				DEVELOPMENT_TEAM = F44G39M53H;
				INFOPLIST_FILE = codepath.week.two/Info.plist;
				LD_RUNPATH_SEARCH_PATHS = (
					"$(inherited)",
					"@executable_path/Frameworks",
				);
				PRODUCT_BUNDLE_IDENTIFIER = "com.michael.codepath-week-two";
				PRODUCT_NAME = "$(TARGET_NAME)";
				SWIFT_VERSION = 5.0;
				TARGETED_DEVICE_FAMILY = "1,2";
			};
			name = Debug;
		};
		4C6D35B3269C474E006ABBBB /* Release */ = {
			isa = XCBuildConfiguration;
			baseConfigurationReference = E2DDE798DC691CED72A7EA62 /* Pods-codepath.week.two.release.xcconfig */;
			buildSettings = {
				ASSETCATALOG_COMPILER_APPICON_NAME = AppIcon;
				ASSETCATALOG_COMPILER_GLOBAL_ACCENT_COLOR_NAME = AccentColor;
				CODE_SIGN_STYLE = Automatic;
				DEVELOPMENT_TEAM = F44G39M53H;
				INFOPLIST_FILE = codepath.week.two/Info.plist;
				LD_RUNPATH_SEARCH_PATHS = (
					"$(inherited)",
					"@executable_path/Frameworks",
				);
				PRODUCT_BUNDLE_IDENTIFIER = "com.michael.codepath-week-two";
				PRODUCT_NAME = "$(TARGET_NAME)";
				SWIFT_VERSION = 5.0;
				TARGETED_DEVICE_FAMILY = "1,2";
			};
			name = Release;
		};
		4C6D35B5269C474E006ABBBB /* Debug */ = {
			isa = XCBuildConfiguration;
			baseConfigurationReference = 24644DCD7A7629B43FD5BBFD /* Pods-codepath.week.twoTests.debug.xcconfig */;
			buildSettings = {
				ALWAYS_EMBED_SWIFT_STANDARD_LIBRARIES = YES;
				BUNDLE_LOADER = "$(TEST_HOST)";
				CODE_SIGN_STYLE = Automatic;
				DEVELOPMENT_TEAM = F44G39M53H;
				INFOPLIST_FILE = codepath.week.twoTests/Info.plist;
				IPHONEOS_DEPLOYMENT_TARGET = 14.5;
				LD_RUNPATH_SEARCH_PATHS = (
					"$(inherited)",
					"@executable_path/Frameworks",
					"@loader_path/Frameworks",
				);
				PRODUCT_BUNDLE_IDENTIFIER = "com.michael.codepath-week-twoTests";
				PRODUCT_NAME = "$(TARGET_NAME)";
				SWIFT_VERSION = 5.0;
				TARGETED_DEVICE_FAMILY = "1,2";
				TEST_HOST = "$(BUILT_PRODUCTS_DIR)/codepath.week.two.app/codepath.week.two";
			};
			name = Debug;
		};
		4C6D35B6269C474E006ABBBB /* Release */ = {
			isa = XCBuildConfiguration;
			baseConfigurationReference = A0D7CA6D5F8649A40F01AE73 /* Pods-codepath.week.twoTests.release.xcconfig */;
			buildSettings = {
				ALWAYS_EMBED_SWIFT_STANDARD_LIBRARIES = YES;
				BUNDLE_LOADER = "$(TEST_HOST)";
				CODE_SIGN_STYLE = Automatic;
				DEVELOPMENT_TEAM = F44G39M53H;
				INFOPLIST_FILE = codepath.week.twoTests/Info.plist;
				IPHONEOS_DEPLOYMENT_TARGET = 14.5;
				LD_RUNPATH_SEARCH_PATHS = (
					"$(inherited)",
					"@executable_path/Frameworks",
					"@loader_path/Frameworks",
				);
				PRODUCT_BUNDLE_IDENTIFIER = "com.michael.codepath-week-twoTests";
				PRODUCT_NAME = "$(TARGET_NAME)";
				SWIFT_VERSION = 5.0;
				TARGETED_DEVICE_FAMILY = "1,2";
				TEST_HOST = "$(BUILT_PRODUCTS_DIR)/codepath.week.two.app/codepath.week.two";
			};
			name = Release;
		};
		4C6D35B8269C474E006ABBBB /* Debug */ = {
			isa = XCBuildConfiguration;
			baseConfigurationReference = F8F150AF13874A1F901FF078 /* Pods-codepath.week.two-codepath.week.twoUITests.debug.xcconfig */;
			buildSettings = {
				ALWAYS_EMBED_SWIFT_STANDARD_LIBRARIES = YES;
				CODE_SIGN_STYLE = Automatic;
				DEVELOPMENT_TEAM = F44G39M53H;
				INFOPLIST_FILE = codepath.week.twoUITests/Info.plist;
				LD_RUNPATH_SEARCH_PATHS = (
					"$(inherited)",
					"@executable_path/Frameworks",
					"@loader_path/Frameworks",
				);
				PRODUCT_BUNDLE_IDENTIFIER = "com.michael.codepath-week-twoUITests";
				PRODUCT_NAME = "$(TARGET_NAME)";
				SWIFT_VERSION = 5.0;
				TARGETED_DEVICE_FAMILY = "1,2";
				TEST_TARGET_NAME = codepath.week.two;
			};
			name = Debug;
		};
		4C6D35B9269C474E006ABBBB /* Release */ = {
			isa = XCBuildConfiguration;
			baseConfigurationReference = 61CA44BF52696C9A529AF8AA /* Pods-codepath.week.two-codepath.week.twoUITests.release.xcconfig */;
			buildSettings = {
				ALWAYS_EMBED_SWIFT_STANDARD_LIBRARIES = YES;
				CODE_SIGN_STYLE = Automatic;
				DEVELOPMENT_TEAM = F44G39M53H;
				INFOPLIST_FILE = codepath.week.twoUITests/Info.plist;
				LD_RUNPATH_SEARCH_PATHS = (
					"$(inherited)",
					"@executable_path/Frameworks",
					"@loader_path/Frameworks",
				);
				PRODUCT_BUNDLE_IDENTIFIER = "com.michael.codepath-week-twoUITests";
				PRODUCT_NAME = "$(TARGET_NAME)";
				SWIFT_VERSION = 5.0;
				TARGETED_DEVICE_FAMILY = "1,2";
				TEST_TARGET_NAME = codepath.week.two;
			};
			name = Release;
		};
/* End XCBuildConfiguration section */

/* Begin XCConfigurationList section */
		4C6D3582269C474D006ABBBB /* Build configuration list for PBXProject "codepath.week.two" */ = {
			isa = XCConfigurationList;
			buildConfigurations = (
				4C6D35AF269C474E006ABBBB /* Debug */,
				4C6D35B0269C474E006ABBBB /* Release */,
			);
			defaultConfigurationIsVisible = 0;
			defaultConfigurationName = Release;
		};
		4C6D35B1269C474E006ABBBB /* Build configuration list for PBXNativeTarget "codepath.week.two" */ = {
			isa = XCConfigurationList;
			buildConfigurations = (
				4C6D35B2269C474E006ABBBB /* Debug */,
				4C6D35B3269C474E006ABBBB /* Release */,
			);
			defaultConfigurationIsVisible = 0;
			defaultConfigurationName = Release;
		};
		4C6D35B4269C474E006ABBBB /* Build configuration list for PBXNativeTarget "codepath.week.twoTests" */ = {
			isa = XCConfigurationList;
			buildConfigurations = (
				4C6D35B5269C474E006ABBBB /* Debug */,
				4C6D35B6269C474E006ABBBB /* Release */,
			);
			defaultConfigurationIsVisible = 0;
			defaultConfigurationName = Release;
		};
		4C6D35B7269C474E006ABBBB /* Build configuration list for PBXNativeTarget "codepath.week.twoUITests" */ = {
			isa = XCConfigurationList;
			buildConfigurations = (
				4C6D35B8269C474E006ABBBB /* Debug */,
				4C6D35B9269C474E006ABBBB /* Release */,
			);
			defaultConfigurationIsVisible = 0;
			defaultConfigurationName = Release;
		};
/* End XCConfigurationList section */
	};
	rootObject = 4C6D357F269C474D006ABBBB /* Project object */;
}
